
Microsoft Visual Studio Solution File, Format Version 12.00
# Visual Studio Version 16
VisualStudioVersion = 16.0.30204.135
MinimumVisualStudioVersion = 10.0.40219.1
Project("{FAE04EC0-301F-11D3-BF4B-00C04F79EFBC}") = "IpMasking", "IpMasking\IpMasking.csproj", "{1DFE8CDC-5600-4B66-9120-02FE8C04DBE0}"
EndProject
Project("{9A19103F-16F7-4668-BE54-9A1E7A4F7556}") = "MaskIp", "..\MaskIp\MaskIp\MaskIp.csproj", "{80AC494B-5D07-49E2-9445-E169AD5554B2}"
EndProject
Global
	GlobalSection(SolutionConfigurationPlatforms) = preSolution
		Debug|Any CPU = Debug|Any CPU
		Release|Any CPU = Release|Any CPU
	EndGlobalSection
	GlobalSection(ProjectConfigurationPlatforms) = postSolution
		{1DFE8CDC-5600-4B66-9120-02FE8C04DBE0}.Debug|Any CPU.ActiveCfg = Debug|Any CPU
		{1DFE8CDC-5600-4B66-9120-02FE8C04DBE0}.Debug|Any CPU.Build.0 = Debug|Any CPU
		{1DFE8CDC-5600-4B66-9120-02FE8C04DBE0}.Release|Any CPU.ActiveCfg = Release|Any CPU
		{1DFE8CDC-5600-4B66-9120-02FE8C04DBE0}.Release|Any CPU.Build.0 = Release|Any CPU
		{80AC494B-5D07-49E2-9445-E169AD5554B2}.Debug|Any CPU.ActiveCfg = Debug|Any CPU
		{80AC494B-5D07-49E2-9445-E169AD5554B2}.Debug|Any CPU.Build.0 = Debug|Any CPU
		{80AC494B-5D07-49E2-9445-E169AD5554B2}.Release|Any CPU.ActiveCfg = Release|Any CPU
		{80AC494B-5D07-49E2-9445-E169AD5554B2}.Release|Any CPU.Build.0 = Release|Any CPU
	EndGlobalSection
	GlobalSection(SolutionProperties) = preSolution
		HideSolutionNode = FALSE
	EndGlobalSection
	GlobalSection(ExtensibilityGlobals) = postSolution
		SolutionGuid = {6425F994-03D4-41AF-AF72-DB07801E9A5F}
	EndGlobalSection
EndGlobal
